{
  "name": "reason-browser-persist",
  "version": "1.0.1",
  "lockfileVersion": 1,
  "requires": true,
  "dependencies": {
    "bs-json": {
      "version": "1.0.1",
      "resolved": "https://registry.npmjs.org/bs-json/-/bs-json-1.0.1.tgz",
      "integrity": "sha512-0KaYGnn3CJnXwVnEWyTv9yejF991I2O118olKA4APPW8lxVt737Wu4M+UWU+GK8jjEDVb768lM/CdplvBmyy8g=="
    },
    "bs-platform": {
      "version": "2.1.0",
      "resolved": "https://registry.npmjs.org/bs-platform/-/bs-platform-2.1.0.tgz",
      "integrity": "sha1-Y1YP+PcULJwGMVWd8cNVkLn22LI=",
      "dev": true
    },
    "immediate": {
      "version": "3.0.6",
      "resolved": "https://registry.npmjs.org/immediate/-/immediate-3.0.6.tgz",
      "integrity": "sha1-nbHb0Pr43m++D13V5Wu2BigN5ps="
    },
    "lie": {
      "version": "3.1.1",
      "resolved": "https://registry.npmjs.org/lie/-/lie-3.1.1.tgz",
      "integrity": "sha1-mkNrLMd0bKWd56QfpGmz77dr2H4=",
      "requires": {
        "immediate": "3.0.6"
      }
    },
    "localforage": {
      "version": "1.5.6",
      "resolved": "https://registry.npmjs.org/localforage/-/localforage-1.5.6.tgz",
      "integrity": "sha1-0DTRXlNy7pfGQXPpqa65aBX13QY=",
      "requires": {
        "lie": "3.1.1"
      }
    }
  }
}
